PODS:
  - Alamofire (5.8.1)
  - CLTypingLabel (0.4.0)
  - IQKeyboardManagerSwift (7.0.1)
  - JGProgressHUD (2.2)
  - MOLH (1.4.3)
  - SideMenu (6.5.0)
  - SwiftMessages (10.0.0):
    - SwiftMessages/App (= 10.0.0)
  - SwiftMessages/App (10.0.0)
  - SwiftyJSON (5.0.1)

DEPENDENCIES:
  - Alamofire
  - CLTypingLabel
  - IQKeyboardManagerSwift
  - JGProgressHUD
  - MOLH
  - SideMenu
  - SwiftMessages
  - SwiftyJSON

SPEC REPOS:
  trunk:
    - Alamofire
    - CLTypingLabel
    - IQKeyboardManagerSwift
    - JGProgressHUD
    - MOLH
    - SideMenu
    - SwiftMessages
    - SwiftyJSON

SPEC CHECKSUMS:
  Alamofire: 3ca42e259043ee0dc5c0cdd76c4bc568b8e42af7
  CLTypingLabel: 95a7d1faf7e3d1d952cd11cb0491d17d80c50934
  IQKeyboardManagerSwift: 7f6b1b1d1497855d2beea7f2f10ffcc6978525b1
  JGProgressHUD: d83d7a981b85d11205e19ff8ad5bb9c40571c847
  MOLH: e45827d200aeb1310641090fd8cd03ad2b42ae72
  SideMenu: f583187d21c5b1dd04c72002be544b555a2627a2
  SwiftMessages: d3540f0f981dfbac25bd2ae9a662effa48f76f92
  SwiftyJSON: 2f33a42c6fbc52764d96f13368585094bfd8aa5e

PODFILE CHECKSUM: 1c8f587469066d2f36a4d93bf71dd3887affd1b4

COCOAPODS: 1.15.2
