PODS:
  - Alamofire (5.8.1)
  - CLTypingLabel (0.4.0)
  - IQKeyboardManagerSwift (7.0.1)
  - MOLH (1.4.3)
  - SideMenu (6.5.0)
  - SwiftLint (0.54.0)
  - SwiftMessages (10.0.0):
    - SwiftMessages/App (= 10.0.0)
  - SwiftMessages/App (10.0.0)
  - SwiftyJSON (5.0.1)

DEPENDENCIES:
  - Alamofire
  - CLTypingLabel
  - IQKeyboardManagerSwift
  - MOLH
  - SideMenu
  - SwiftLint
  - SwiftMessages
  - SwiftyJSON

SPEC REPOS:
  trunk:
    - Alamofire
    - CLTypingLabel
    - IQKeyboardManagerSwift
    - MOLH
    - SideMenu
    - SwiftLint
    - SwiftMessages
    - SwiftyJSON

SPEC CHECKSUMS:
  Alamofire: 3ca42e259043ee0dc5c0cdd76c4bc568b8e42af7
  CLTypingLabel: 95a7d1faf7e3d1d952cd11cb0491d17d80c50934
  IQKeyboardManagerSwift: 7f6b1b1d1497855d2beea7f2f10ffcc6978525b1
  MOLH: e45827d200aeb1310641090fd8cd03ad2b42ae72
  SideMenu: f583187d21c5b1dd04c72002be544b555a2627a2
  SwiftLint: c1de071d9d08c8aba837545f6254315bc900e211
  SwiftMessages: d3540f0f981dfbac25bd2ae9a662effa48f76f92
  SwiftyJSON: 2f33a42c6fbc52764d96f13368585094bfd8aa5e

PODFILE CHECKSUM: 7a7450c0d19b5eb5b1b2e9870ac21718413c397a

COCOAPODS: 1.15.2
